
Microsoft Visual Studio Solution File, Format Version 12.00
# Visual Studio Version 17
VisualStudioVersion = 17.9.34728.123
MinimumVisualStudioVersion = 10.0.40219.1
Project("{9A19103F-16F7-4668-BE54-9A1E7A4F7556}") = "OdooSharp", "OdooSharp\OdooSharp.csproj", "{E7BE6705-7D9C-497F-ACBB-D48448A5620F}"
EndProject
Project("{9A19103F-16F7-4668-BE54-9A1E7A4F7556}") = "OdooSharp.DependencyInjection", "OdooSharp.DependencyInjection\OdooSharp.DependencyInjection.csproj", "{9BD8B60A-E2FB-49AB-A538-E8BB8149029C}"
EndProject
Project("{9A19103F-16F7-4668-BE54-9A1E7A4F7556}") = "OdooSharp.Codegen", "OdooSharp.Codegen\OdooSharp.Codegen.csproj", "{36130B5D-28AC-4FF0-AC01-E490458B2414}"
EndProject
Project("{FAE04EC0-301F-11D3-BF4B-00C04F79EFBC}") = "OdooSharp.Tests", "OdooSharp.Tests\OdooSharp.Tests.csproj", "{C2B9B090-6053-410A-9A70-3F1AE4AA1ED3}"
EndProject
Project("{FAE04EC0-301F-11D3-BF4B-00C04F79EFBC}") = "OdooSharp.Models", "OdooSharp.Models\OdooSharp.Models.csproj", "{2BA23574-BE4A-43BA-AA1C-E719637EB6F6}"
EndProject
Project("{FAE04EC0-301F-11D3-BF4B-00C04F79EFBC}") = "OdooSharp.Configuration", "OdooSharp.Configuration\OdooSharp.Configuration.csproj", "{650B29E4-2204-487B-BC27-ECE2347EF9CC}"
EndProject
Global
	GlobalSection(SolutionConfigurationPlatforms) = preSolution
		Debug|Any CPU = Debug|Any CPU
		Release|Any CPU = Release|Any CPU
	EndGlobalSection
	GlobalSection(ProjectConfigurationPlatforms) = postSolution
		{E7BE6705-7D9C-497F-ACBB-D48448A5620F}.Debug|Any CPU.ActiveCfg = Debug|Any CPU
		{E7BE6705-7D9C-497F-ACBB-D48448A5620F}.Debug|Any CPU.Build.0 = Debug|Any CPU
		{E7BE6705-7D9C-497F-ACBB-D48448A5620F}.Release|Any CPU.ActiveCfg = Release|Any CPU
		{E7BE6705-7D9C-497F-ACBB-D48448A5620F}.Release|Any CPU.Build.0 = Release|Any CPU
		{9BD8B60A-E2FB-49AB-A538-E8BB8149029C}.Debug|Any CPU.ActiveCfg = Debug|Any CPU
		{9BD8B60A-E2FB-49AB-A538-E8BB8149029C}.Debug|Any CPU.Build.0 = Debug|Any CPU
		{9BD8B60A-E2FB-49AB-A538-E8BB8149029C}.Release|Any CPU.ActiveCfg = Release|Any CPU
		{9BD8B60A-E2FB-49AB-A538-E8BB8149029C}.Release|Any CPU.Build.0 = Release|Any CPU
		{36130B5D-28AC-4FF0-AC01-E490458B2414}.Debug|Any CPU.ActiveCfg = Debug|Any CPU
		{36130B5D-28AC-4FF0-AC01-E490458B2414}.Debug|Any CPU.Build.0 = Debug|Any CPU
		{36130B5D-28AC-4FF0-AC01-E490458B2414}.Release|Any CPU.ActiveCfg = Release|Any CPU
		{36130B5D-28AC-4FF0-AC01-E490458B2414}.Release|Any CPU.Build.0 = Release|Any CPU
		{C2B9B090-6053-410A-9A70-3F1AE4AA1ED3}.Debug|Any CPU.ActiveCfg = Debug|Any CPU
		{C2B9B090-6053-410A-9A70-3F1AE4AA1ED3}.Debug|Any CPU.Build.0 = Debug|Any CPU
		{C2B9B090-6053-410A-9A70-3F1AE4AA1ED3}.Release|Any CPU.ActiveCfg = Release|Any CPU
		{C2B9B090-6053-410A-9A70-3F1AE4AA1ED3}.Release|Any CPU.Build.0 = Release|Any CPU
		{2BA23574-BE4A-43BA-AA1C-E719637EB6F6}.Debug|Any CPU.ActiveCfg = Debug|Any CPU
		{2BA23574-BE4A-43BA-AA1C-E719637EB6F6}.Debug|Any CPU.Build.0 = Debug|Any CPU
		{2BA23574-BE4A-43BA-AA1C-E719637EB6F6}.Release|Any CPU.ActiveCfg = Release|Any CPU
		{2BA23574-BE4A-43BA-AA1C-E719637EB6F6}.Release|Any CPU.Build.0 = Release|Any CPU
		{650B29E4-2204-487B-BC27-ECE2347EF9CC}.Debug|Any CPU.ActiveCfg = Debug|Any CPU
		{650B29E4-2204-487B-BC27-ECE2347EF9CC}.Debug|Any CPU.Build.0 = Debug|Any CPU
		{650B29E4-2204-487B-BC27-ECE2347EF9CC}.Release|Any CPU.ActiveCfg = Release|Any CPU
		{650B29E4-2204-487B-BC27-ECE2347EF9CC}.Release|Any CPU.Build.0 = Release|Any CPU
	EndGlobalSection
	GlobalSection(SolutionProperties) = preSolution
		HideSolutionNode = FALSE
	EndGlobalSection
	GlobalSection(ExtensibilityGlobals) = postSolution
		SolutionGuid = {5E2550EC-C3AD-40BF-8870-78E817CC8DFC}
	EndGlobalSection
EndGlobal
